Microsoft Visual Studio Solution File, Format Version 12.00
# Visual Studio Version 17
VisualStudioVersion = 17.5.2.0
MinimumVisualStudioVersion = 10.0.40219.1
Project("{FAE04EC0-301F-11D3-BF4B-00C04F79EFBC}") = "ArVrEcommerce", "ArVrEcommerce.csproj", "{872E861B-A620-FD70-DF09-A4B289E170F3}"
EndProject
Global
	GlobalSection(SolutionConfigurationPlatforms) = preSolution
		Debug|Any CPU = Debug|Any CPU
		Release|Any CPU = Release|Any CPU
	EndGlobalSection
	GlobalSection(ProjectConfigurationPlatforms) = postSolution
		{872E861B-A620-FD70-DF09-A4B289E170F3}.Debug|Any CPU.ActiveCfg = Debug|Any CPU
		{872E861B-A620-FD70-DF09-A4B289E170F3}.Debug|Any CPU.Build.0 = Debug|Any CPU
		{872E861B-A620-FD70-DF09-A4B289E170F3}.Release|Any CPU.ActiveCfg = Release|Any CPU
		{872E861B-A620-FD70-DF09-A4B289E170F3}.Release|Any CPU.Build.0 = Release|Any CPU
	EndGlobalSection
	GlobalSection(SolutionProperties) = preSolution
		HideSolutionNode = FALSE
	EndGlobalSection
	GlobalSection(ExtensibilityGlobals) = postSolution
		SolutionGuid = {908D956E-29A8-4D27-B5FD-D318CCEB8488}
	EndGlobalSection
EndGlobal
